{
  "name": "contracts",
  "lockfileVersion": 3,
  "requires": true,
  "packages": {
    "": {
      "dependencies": {
        "@openzeppelin/contracts": "^5.0.0",
        "@openzeppelin/contracts-upgradeable": "^5.0.0",
        "@scroll-tech/contracts": "^0.1.0",
        "@uniswap/v3-core": "^1.0.1",
        "@uniswap/v3-periphery": "^1.4.4",
        "dotenv": "^16.3.1",
        "ethers": "^6.9.0"
      }
    },
    "node_modules/@adraffy/ens-normalize": {
      "version": "1.10.0",
      "resolved": "https://registry.npmjs.org/@adraffy/ens-normalize/-/ens-normalize-1.10.0.tgz",
      "integrity": "sha512-nA9XHtlAkYfJxY7bce8DcN7eKxWWCWkU+1GR9d+U6MbNpfwQp8TI7vqOsBsMcHoT4mBu2kypKoSKnghEzOOq5Q=="
    },
    "node_modules/@noble/curves": {
      "version": "1.2.0",
      "resolved": "https://registry.npmjs.org/@noble/curves/-/curves-1.2.0.tgz",
      "integrity": "sha512-oYclrNgRaM9SsBUBVbb8M6DTV7ZHRTKugureoYEncY5c65HOmRzvSiTE3y5CYaPYJA/GVkrhXEoF0M3Ya9PMnw==",
      "dependencies": {
        "@noble/hashes": "1.3.2"
      },
      "funding": {
        "url": "https://paulmillr.com/funding/"
      }
    },
    "node_modules/@noble/hashes": {
      "version": "1.3.2",
      "resolved": "https://registry.npmjs.org/@noble/hashes/-/hashes-1.3.2.tgz",
      "integrity": "sha512-MVC8EAQp7MvEcm30KWENFjgR+Mkmf+D189XJTkFIlwohU5hcBbn1ZkKq7KVTi2Hme3PMGF390DaL52beVrIihQ==",
      "engines": {
        "node": ">= 16"
      },
      "funding": {
        "url": "https://paulmillr.com/funding/"
      }
    },
    "node_modules/@openzeppelin/contracts": {
      "version": "5.0.0",
      "resolved": "https://registry.npmjs.org/@openzeppelin/contracts/-/contracts-5.0.0.tgz",
      "integrity": "sha512-bv2sdS6LKqVVMLI5+zqnNrNU/CA+6z6CmwFXm/MzmOPBRSO5reEJN7z0Gbzvs0/bv/MZZXNklubpwy3v2+azsw=="
    },
    "node_modules/@openzeppelin/contracts-upgradeable": {
      "version": "5.0.0",
      "resolved": "https://registry.npmjs.org/@openzeppelin/contracts-upgradeable/-/contracts-upgradeable-5.0.0.tgz",
      "integrity": "sha512-D54RHzkOKHQ8xUssPgQe2d/U92mwaiBDY7qCCVGq6VqwQjsT3KekEQ3bonev+BLP30oZ0R1U6YC8/oLpizgC5Q==",
      "peerDependencies": {
        "@openzeppelin/contracts": "5.0.0"
      }
    },
    "node_modules/@scroll-tech/contracts": {
      "version": "0.1.0",
      "resolved": "https://registry.npmjs.org/@scroll-tech/contracts/-/contracts-0.1.0.tgz",
      "integrity": "sha512-aBbDOc3WB/WveZdpJYcrfvMYMz7ZTEiW8M9XMJLba8p9FAR5KGYB/cV+8+EUsq3MKt7C1BfR+WnXoTVdvwIY6w=="
    },
    "node_modules/@types/node": {
      "version": "18.15.13",
      "resolved": "https://registry.npmjs.org/@types/node/-/node-18.15.13.tgz",
      "integrity": "sha512-N+0kuo9KgrUQ1Sn/ifDXsvg0TTleP7rIy4zOBGECxAljqvqfqpTfzx0Q1NUedOixRMBfe2Whhb056a42cWs26Q=="
    },
    "node_modules/@uniswap/lib": {
      "version": "4.0.1-alpha",
      "resolved": "https://registry.npmjs.org/@uniswap/lib/-/lib-4.0.1-alpha.tgz",
      "integrity": "sha512-f6UIliwBbRsgVLxIaBANF6w09tYqc6Y/qXdsrbEmXHyFA7ILiKrIwRFXe1yOg8M3cksgVsO9N7yuL2DdCGQKBA==",
      "engines": {
        "node": ">=10"
      }
    },
    "node_modules/@uniswap/v2-core": {
      "version": "1.0.1",
      "resolved": "https://registry.npmjs.org/@uniswap/v2-core/-/v2-core-1.0.1.tgz",
      "integrity": "sha512-MtybtkUPSyysqLY2U210NBDeCHX+ltHt3oADGdjqoThZaFRDKwM6k1Nb3F0A3hk5hwuQvytFWhrWHOEq6nVJ8Q==",
      "engines": {
        "node": ">=10"
      }
    },
    "node_modules/@uniswap/v3-core": {
      "version": "1.0.1",
      "resolved": "https://registry.npmjs.org/@uniswap/v3-core/-/v3-core-1.0.1.tgz",
      "integrity": "sha512-7pVk4hEm00j9tc71Y9+ssYpO6ytkeI0y7WE9P6UcmNzhxPePwyAxImuhVsTqWK9YFvzgtvzJHi64pBl4jUzKMQ==",
      "engines": {
        "node": ">=10"
      }
    },
    "node_modules/@uniswap/v3-periphery": {
      "version": "1.4.4",
      "resolved": "https://registry.npmjs.org/@uniswap/v3-periphery/-/v3-periphery-1.4.4.tgz",
      "integrity": "sha512-S4+m+wh8HbWSO3DKk4LwUCPZJTpCugIsHrWR86m/OrUyvSqGDTXKFfc2sMuGXCZrD1ZqO3rhQsKgdWg3Hbb2Kw==",
      "dependencies": {
        "@openzeppelin/contracts": "3.4.2-solc-0.7",
        "@uniswap/lib": "^4.0.1-alpha",
        "@uniswap/v2-core": "^1.0.1",
        "@uniswap/v3-core": "^1.0.0",
        "base64-sol": "1.0.1"
      },
      "engines": {
        "node": ">=10"
      }
    },
    "node_modules/@uniswap/v3-periphery/node_modules/@openzeppelin/contracts": {
      "version": "3.4.2-solc-0.7",
      "resolved": "https://registry.npmjs.org/@openzeppelin/contracts/-/contracts-3.4.2-solc-0.7.tgz",
      "integrity": "sha512-W6QmqgkADuFcTLzHL8vVoNBtkwjvQRpYIAom7KiUNoLKghyx3FgH0GBjt8NRvigV1ZmMOBllvE1By1C+bi8WpA=="
    },
    "node_modules/aes-js": {
      "version": "4.0.0-beta.5",
      "resolved": "https://registry.npmjs.org/aes-js/-/aes-js-4.0.0-beta.5.tgz",
      "integrity": "sha512-G965FqalsNyrPqgEGON7nIx1e/OVENSgiEIzyC63haUMuvNnwIgIjMs52hlTCKhkBny7A2ORNlfY9Zu+jmGk1Q=="
    },
    "node_modules/base64-sol": {
      "version": "1.0.1",
      "resolved": "https://registry.npmjs.org/base64-sol/-/base64-sol-1.0.1.tgz",
      "integrity": "sha512-ld3cCNMeXt4uJXmLZBHFGMvVpK9KsLVEhPpFRXnvSVAqABKbuNZg/+dsq3NuM+wxFLb/UrVkz7m1ciWmkMfTbg=="
    },
    "node_modules/dotenv": {
      "version": "16.3.1",
      "resolved": "https://registry.npmjs.org/dotenv/-/dotenv-16.3.1.tgz",
      "integrity": "sha512-IPzF4w4/Rd94bA9imS68tZBaYyBWSCE47V1RGuMrB94iyTOIEwRmVL2x/4An+6mETpLrKJ5hQkB8W4kFAadeIQ==",
      "engines": {
        "node": ">=12"
      },
      "funding": {
        "url": "https://github.com/motdotla/dotenv?sponsor=1"
      }
    },
    "node_modules/ethers": {
      "version": "6.9.0",
      "resolved": "https://registry.npmjs.org/ethers/-/ethers-6.9.0.tgz",
      "integrity": "sha512-pmfNyQzc2mseLe91FnT2vmNaTt8dDzhxZ/xItAV7uGsF4dI4ek2ufMu3rAkgQETL/TIs0GS5A+U05g9QyWnv3Q==",
      "funding": [
        {
          "type": "individual",
          "url": "https://github.com/sponsors/ethers-io/"
        },
        {
          "type": "individual",
          "url": "https://www.buymeacoffee.com/ricmoo"
        }
      ],
      "dependencies": {
        "@adraffy/ens-normalize": "1.10.0",
        "@noble/curves": "1.2.0",
        "@noble/hashes": "1.3.2",
        "@types/node": "18.15.13",
        "aes-js": "4.0.0-beta.5",
        "tslib": "2.4.0",
        "ws": "8.5.0"
      },
      "engines": {
        "node": ">=14.0.0"
      }
    },
    "node_modules/tslib": {
      "version": "2.4.0",
      "resolved": "https://registry.npmjs.org/tslib/-/tslib-2.4.0.tgz",
      "integrity": "sha512-d6xOpEDfsi2CZVlPQzGeux8XMwLT9hssAsaPYExaQMuYskwb+x1x7J371tWlbBdWHroy99KnVB6qIkUbs5X3UQ=="
    },
    "node_modules/ws": {
      "version": "8.5.0",
      "resolved": "https://registry.npmjs.org/ws/-/ws-8.5.0.tgz",
      "integrity": "sha512-BWX0SWVgLPzYwF8lTzEy1egjhS4S4OEAHfsO8o65WOVsrnSRGaSiUaa9e0ggGlkMTtBlmOpEXiie9RUcBO86qg==",
      "engines": {
        "node": ">=10.0.0"
      },
      "peerDependencies": {
        "bufferutil": "^4.0.1",
        "utf-8-validate": "^5.0.2"
      },
      "peerDependenciesMeta": {
        "bufferutil": {
          "optional": true
        },
        "utf-8-validate": {
          "optional": true
        }
      }
    }
  }
}
